
Microsoft Visual Studio Solution File, Format Version 12.00
# Visual Studio Version 16
VisualStudioVersion = 16.0.31410.357
MinimumVisualStudioVersion = 10.0.40219.1
Project("{9A19103F-16F7-4668-BE54-9A1E7A4F7556}") = "MerchantSells", "MerchantSells.csproj", "{341DA882-7A48-4AC7-BBD8-5AB9F6496B68}"
EndProject
Global
	GlobalSection(SolutionConfigurationPlatforms) = preSolution
		Debug|Any CPU = Debug|Any CPU
		Release|Any CPU = Release|Any CPU
	EndGlobalSection
	GlobalSection(ProjectConfigurationPlatforms) = postSolution
		{341DA882-7A48-4AC7-BBD8-5AB9F6496B68}.Debug|Any CPU.ActiveCfg = Debug|Any CPU
		{341DA882-7A48-4AC7-BBD8-5AB9F6496B68}.Debug|Any CPU.Build.0 = Debug|Any CPU
		{341DA882-7A48-4AC7-BBD8-5AB9F6496B68}.Release|Any CPU.ActiveCfg = Release|Any CPU
		{341DA882-7A48-4AC7-BBD8-5AB9F6496B68}.Release|Any CPU.Build.0 = Release|Any CPU
	EndGlobalSection
	GlobalSection(SolutionProperties) = preSolution
		HideSolutionNode = FALSE
	EndGlobalSection
	GlobalSection(ExtensibilityGlobals) = postSolution
		SolutionGuid = {FB407C7F-A72C-4213-9252-3632B115BCC7}
	EndGlobalSection
EndGlobal
